
Microsoft Visual Studio Solution File, Format Version 12.00
# Visual Studio Version 16
VisualStudioVersion = 16.0.29102.190
MinimumVisualStudioVersion = 10.0.40219.1
Project("{9A19103F-16F7-4668-BE54-9A1E7A4F7556}") = "PointsGame", "PointsGame\PointsGame.csproj", "{9BD36F52-E644-4A2A-83E2-45F50F86C120}"
EndProject
Global
	GlobalSection(SolutionConfigurationPlatforms) = preSolution
		Debug|Any CPU = Debug|Any CPU
		Release|Any CPU = Release|Any CPU
	EndGlobalSection
	GlobalSection(ProjectConfigurationPlatforms) = postSolution
		{9BD36F52-E644-4A2A-83E2-45F50F86C120}.Debug|Any CPU.ActiveCfg = Debug|Any CPU
		{9BD36F52-E644-4A2A-83E2-45F50F86C120}.Debug|Any CPU.Build.0 = Debug|Any CPU
		{9BD36F52-E644-4A2A-83E2-45F50F86C120}.Release|Any CPU.ActiveCfg = Release|Any CPU
		{9BD36F52-E644-4A2A-83E2-45F50F86C120}.Release|Any CPU.Build.0 = Release|Any CPU
	EndGlobalSection
	GlobalSection(SolutionProperties) = preSolution
		HideSolutionNode = FALSE
	EndGlobalSection
	GlobalSection(ExtensibilityGlobals) = postSolution
		SolutionGuid = {9633D905-0B0A-4FFE-BFE0-BEDC30E1F348}
	EndGlobalSection
EndGlobal
